
Microsoft Visual Studio Solution File, Format Version 12.00
# Visual Studio Version 16
VisualStudioVersion = 25.0.1706.9
MinimumVisualStudioVersion = 10.0.40219.1
Project("{FAE04EC0-301F-11D3-BF4B-00C04F79EFBC}") = "Dadecar.Application", "Dadecar\Dadecar.Application.csproj", "{F7D8BABB-CD13-4EC6-A7ED-9995DEE0A280}"
EndProject
Project("{FAE04EC0-301F-11D3-BF4B-00C04F79EFBC}") = "Dadecar.Domain", "Dedecar.Domain\Dadecar.Domain.csproj", "{1704CE9B-8A86-49D8-A151-F620C94A9BEF}"
EndProject
Project("{FAE04EC0-301F-11D3-BF4B-00C04F79EFBC}") = "Dadecar.Persistence", "Dadecar.Persistence\Dadecar.Persistence.csproj", "{9042BA01-EB30-43CB-AAA3-AED59FDBBF90}"
EndProject
Project("{FAE04EC0-301F-11D3-BF4B-00C04F79EFBC}") = "Dadecar.Console", "Dadecar.Console\Dadecar.Console.csproj", "{06590741-3BA4-44BB-A244-46FC774A1055}"
EndProject
Project("{FAE04EC0-301F-11D3-BF4B-00C04F79EFBC}") = "Dedecar.Api", "Dedecar.Api\Dedecar.Api.csproj", "{59C7C3E4-56FE-4A79-894D-F33DCA77F3B2}"
EndProject
Global
	GlobalSection(SolutionConfigurationPlatforms) = preSolution
		Debug|Any CPU = Debug|Any CPU
		Release|Any CPU = Release|Any CPU
	EndGlobalSection
	GlobalSection(ProjectConfigurationPlatforms) = postSolution
		{F7D8BABB-CD13-4EC6-A7ED-9995DEE0A280}.Debug|Any CPU.ActiveCfg = Debug|Any CPU
		{F7D8BABB-CD13-4EC6-A7ED-9995DEE0A280}.Debug|Any CPU.Build.0 = Debug|Any CPU
		{F7D8BABB-CD13-4EC6-A7ED-9995DEE0A280}.Release|Any CPU.ActiveCfg = Release|Any CPU
		{F7D8BABB-CD13-4EC6-A7ED-9995DEE0A280}.Release|Any CPU.Build.0 = Release|Any CPU
		{1704CE9B-8A86-49D8-A151-F620C94A9BEF}.Debug|Any CPU.ActiveCfg = Debug|Any CPU
		{1704CE9B-8A86-49D8-A151-F620C94A9BEF}.Debug|Any CPU.Build.0 = Debug|Any CPU
		{1704CE9B-8A86-49D8-A151-F620C94A9BEF}.Release|Any CPU.ActiveCfg = Release|Any CPU
		{1704CE9B-8A86-49D8-A151-F620C94A9BEF}.Release|Any CPU.Build.0 = Release|Any CPU
		{9042BA01-EB30-43CB-AAA3-AED59FDBBF90}.Debug|Any CPU.ActiveCfg = Debug|Any CPU
		{9042BA01-EB30-43CB-AAA3-AED59FDBBF90}.Debug|Any CPU.Build.0 = Debug|Any CPU
		{9042BA01-EB30-43CB-AAA3-AED59FDBBF90}.Release|Any CPU.ActiveCfg = Release|Any CPU
		{9042BA01-EB30-43CB-AAA3-AED59FDBBF90}.Release|Any CPU.Build.0 = Release|Any CPU
		{06590741-3BA4-44BB-A244-46FC774A1055}.Debug|Any CPU.ActiveCfg = Debug|Any CPU
		{06590741-3BA4-44BB-A244-46FC774A1055}.Debug|Any CPU.Build.0 = Debug|Any CPU
		{06590741-3BA4-44BB-A244-46FC774A1055}.Release|Any CPU.ActiveCfg = Release|Any CPU
		{06590741-3BA4-44BB-A244-46FC774A1055}.Release|Any CPU.Build.0 = Release|Any CPU
		{59C7C3E4-56FE-4A79-894D-F33DCA77F3B2}.Debug|Any CPU.ActiveCfg = Debug|Any CPU
		{59C7C3E4-56FE-4A79-894D-F33DCA77F3B2}.Debug|Any CPU.Build.0 = Debug|Any CPU
		{59C7C3E4-56FE-4A79-894D-F33DCA77F3B2}.Release|Any CPU.ActiveCfg = Release|Any CPU
		{59C7C3E4-56FE-4A79-894D-F33DCA77F3B2}.Release|Any CPU.Build.0 = Release|Any CPU
	EndGlobalSection
	GlobalSection(SolutionProperties) = preSolution
		HideSolutionNode = FALSE
	EndGlobalSection
	GlobalSection(ExtensibilityGlobals) = postSolution
		SolutionGuid = {FCBE5BCD-4379-4386-B586-F3493795AB67}
	EndGlobalSection
EndGlobal
